lockfileVersion: '9.0'

settings:
  autoInstallPeers: true
  excludeLinksFromLockfile: false

importers:

  .:
    dependencies:
      '@toon-format/toon':
        specifier: ^4.1.1
        version: 4.1.1

packages:

  '@toon-format/toon@4.1.1':
    resolution: {integrity: sha512-SGCkS7IjVpwRmGPgnY8ENKpAf0EdAnZDOQkvFW0d2cgOpdn9FEFl7sTgryESyypXrWr0YajHGpwsAUX4zw9ZvA==}

snapshots:

  '@toon-format/toon@4.1.1': {}
